
Microsoft Visual Studio Solution File, Format Version 12.00
# Visual Studio Version 17
VisualStudioVersion = 17.8.34309.116
MinimumVisualStudioVersion = 10.0.40219.1
Project("{FAE04EC0-301F-11D3-BF4B-00C04F79EFBC}") = "Internship_Strings", "Internship_Strings.csproj", "{73F0D6C3-3DB1-4E81-8E20-9AA189701555}"
EndProject
Global
	GlobalSection(SolutionConfigurationPlatforms) = preSolution
		Debug|Any CPU = Debug|Any CPU
		Release|Any CPU = Release|Any CPU
	EndGlobalSection
	GlobalSection(ProjectConfigurationPlatforms) = postSolution
		{73F0D6C3-3DB1-4E81-8E20-9AA189701555}.Debug|Any CPU.ActiveCfg = Debug|Any CPU
		{73F0D6C3-3DB1-4E81-8E20-9AA189701555}.Debug|Any CPU.Build.0 = Debug|Any CPU
		{73F0D6C3-3DB1-4E81-8E20-9AA189701555}.Release|Any CPU.ActiveCfg = Release|Any CPU
		{73F0D6C3-3DB1-4E81-8E20-9AA189701555}.Release|Any CPU.Build.0 = Release|Any CPU
	EndGlobalSection
	GlobalSection(SolutionProperties) = preSolution
		HideSolutionNode = FALSE
	EndGlobalSection
	GlobalSection(ExtensibilityGlobals) = postSolution
		SolutionGuid = {B026C5D3-07A5-44FD-BACB-07028339453C}
	EndGlobalSection
EndGlobal
